
Microsoft Visual Studio Solution File, Format Version 12.00
# Visual Studio Version 17
VisualStudioVersion = 17.3.32901.215
MinimumVisualStudioVersion = 10.0.40219.1
Project("{FAE04EC0-301F-11D3-BF4B-00C04F79EFBC}") = "TİMER ÖRNEK1473", "TİMER ÖRNEK1473\TİMER ÖRNEK1473.csproj", "{EC494836-0455-4917-BC1A-12E9D51F6922}"
EndProject
Global
	GlobalSection(SolutionConfigurationPlatforms) = preSolution
		Debug|Any CPU = Debug|Any CPU
		Release|Any CPU = Release|Any CPU
	EndGlobalSection
	GlobalSection(ProjectConfigurationPlatforms) = postSolution
		{EC494836-0455-4917-BC1A-12E9D51F6922}.Debug|Any CPU.ActiveCfg = Debug|Any CPU
		{EC494836-0455-4917-BC1A-12E9D51F6922}.Debug|Any CPU.Build.0 = Debug|Any CPU
		{EC494836-0455-4917-BC1A-12E9D51F6922}.Release|Any CPU.ActiveCfg = Release|Any CPU
		{EC494836-0455-4917-BC1A-12E9D51F6922}.Release|Any CPU.Build.0 = Release|Any CPU
	EndGlobalSection
	GlobalSection(SolutionProperties) = preSolution
		HideSolutionNode = FALSE
	EndGlobalSection
	GlobalSection(ExtensibilityGlobals) = postSolution
		SolutionGuid = {B38AAF24-F401-4822-9E0E-CCC6E58EC86C}
	EndGlobalSection
EndGlobal
